{
  "name": "create-nitron-app",
  "version": "1.0.3",
  "lockfileVersion": 2,
  "requires": true,
  "packages": {
    "": {
      "name": "create-nitron-app",
      "version": "1.0.3",
      "license": "ISC",
      "dependencies": {
        "chalk": "^5.0.1",
        "commander": "^9.2.0",
        "inquirer": "^8.2.2"
      },
      "bin": {
        "cli": "index.js"
      }
    }
  }
}
